
Microsoft Visual Studio Solution File, Format Version 12.00
Project("{FAE04EC0-301F-11D3-BF4B-00C04F79EFBC}") = "IbanValidator", "IbanValidator\IbanValidator.csproj", "{986E7B4D-5E85-4B38-827F-328A5FD90B58}"
EndProject
Global
	GlobalSection(SolutionConfigurationPlatforms) = preSolution
		Debug|Any CPU = Debug|Any CPU
		Release|Any CPU = Release|Any CPU
	EndGlobalSection
	GlobalSection(ProjectConfigurationPlatforms) = postSolution
		{986E7B4D-5E85-4B38-827F-328A5FD90B58}.Debug|Any CPU.ActiveCfg = Debug|Any CPU
		{986E7B4D-5E85-4B38-827F-328A5FD90B58}.Debug|Any CPU.Build.0 = Debug|Any CPU
		{986E7B4D-5E85-4B38-827F-328A5FD90B58}.Release|Any CPU.ActiveCfg = Release|Any CPU
		{986E7B4D-5E85-4B38-827F-328A5FD90B58}.Release|Any CPU.Build.0 = Release|Any CPU
	EndGlobalSection
EndGlobal
